
Microsoft Visual Studio Solution File, Format Version 12.00
# Visual Studio Version 17
VisualStudioVersion = 17.11.35327.3
MinimumVisualStudioVersion = 10.0.40219.1
Project("{8BC9CEB8-8B4A-11D0-8D11-00A0C91BC942}") = "Problem 32 Course 5", "Problem 32 Course 5\Problem 32 Course 5.vcxproj", "{D3942729-0C26-4416-BAE3-D1909580293B}"
EndProject
Global
	GlobalSection(SolutionConfigurationPlatforms) = preSolution
		Debug|x64 = Debug|x64
		Debug|x86 = Debug|x86
		Release|x64 = Release|x64
		Release|x86 = Release|x86
	EndGlobalSection
	GlobalSection(ProjectConfigurationPlatforms) = postSolution
		{D3942729-0C26-4416-BAE3-D1909580293B}.Debug|x64.ActiveCfg = Debug|x64
		{D3942729-0C26-4416-BAE3-D1909580293B}.Debug|x64.Build.0 = Debug|x64
		{D3942729-0C26-4416-BAE3-D1909580293B}.Debug|x86.ActiveCfg = Debug|Win32
		{D3942729-0C26-4416-BAE3-D1909580293B}.Debug|x86.Build.0 = Debug|Win32
		{D3942729-0C26-4416-BAE3-D1909580293B}.Release|x64.ActiveCfg = Release|x64
		{D3942729-0C26-4416-BAE3-D1909580293B}.Release|x64.Build.0 = Release|x64
		{D3942729-0C26-4416-BAE3-D1909580293B}.Release|x86.ActiveCfg = Release|Win32
		{D3942729-0C26-4416-BAE3-D1909580293B}.Release|x86.Build.0 = Release|Win32
	EndGlobalSection
	GlobalSection(SolutionProperties) = preSolution
		HideSolutionNode = FALSE
	EndGlobalSection
	GlobalSection(ExtensibilityGlobals) = postSolution
		SolutionGuid = {DAA971C3-8CFD-4E32-8208-F430A997E208}
	EndGlobalSection
EndGlobal
