
Microsoft Visual Studio Solution File, Format Version 12.00
# Visual Studio Version 17
VisualStudioVersion = 17.11.35327.3
MinimumVisualStudioVersion = 10.0.40219.1
Project("{8BC9CEB8-8B4A-11D0-8D11-00A0C91BC942}") = "Problem 05 Course 5", "Problem 05 Course 5\Problem 05 Course 5.vcxproj", "{E863824C-03BD-4FE9-8280-C9BA1663F691}"
EndProject
Global
	GlobalSection(SolutionConfigurationPlatforms) = preSolution
		Debug|x64 = Debug|x64
		Debug|x86 = Debug|x86
		Release|x64 = Release|x64
		Release|x86 = Release|x86
	EndGlobalSection
	GlobalSection(ProjectConfigurationPlatforms) = postSolution
		{E863824C-03BD-4FE9-8280-C9BA1663F691}.Debug|x64.ActiveCfg = Debug|x64
		{E863824C-03BD-4FE9-8280-C9BA1663F691}.Debug|x64.Build.0 = Debug|x64
		{E863824C-03BD-4FE9-8280-C9BA1663F691}.Debug|x86.ActiveCfg = Debug|Win32
		{E863824C-03BD-4FE9-8280-C9BA1663F691}.Debug|x86.Build.0 = Debug|Win32
		{E863824C-03BD-4FE9-8280-C9BA1663F691}.Release|x64.ActiveCfg = Release|x64
		{E863824C-03BD-4FE9-8280-C9BA1663F691}.Release|x64.Build.0 = Release|x64
		{E863824C-03BD-4FE9-8280-C9BA1663F691}.Release|x86.ActiveCfg = Release|Win32
		{E863824C-03BD-4FE9-8280-C9BA1663F691}.Release|x86.Build.0 = Release|Win32
	EndGlobalSection
	GlobalSection(SolutionProperties) = preSolution
		HideSolutionNode = FALSE
	EndGlobalSection
	GlobalSection(ExtensibilityGlobals) = postSolution
		SolutionGuid = {429CF4B2-D1B5-45FF-BE69-4B8757C6D2D5}
	EndGlobalSection
EndGlobal
