
Microsoft Visual Studio Solution File, Format Version 12.00
# Visual Studio Version 17
VisualStudioVersion = 17.11.35327.3
MinimumVisualStudioVersion = 10.0.40219.1
Project("{8BC9CEB8-8B4A-11D0-8D11-00A0C91BC942}") = "Problem 15 Course 5 Part 2", "Problem 15 Course 5 Part 2\Problem 15 Course 5 Part 2.vcxproj", "{540D4060-FD59-4B44-9DEF-43F5B538F431}"
EndProject
Global
	GlobalSection(SolutionConfigurationPlatforms) = preSolution
		Debug|x64 = Debug|x64
		Debug|x86 = Debug|x86
		Release|x64 = Release|x64
		Release|x86 = Release|x86
	EndGlobalSection
	GlobalSection(ProjectConfigurationPlatforms) = postSolution
		{540D4060-FD59-4B44-9DEF-43F5B538F431}.Debug|x64.ActiveCfg = Debug|x64
		{540D4060-FD59-4B44-9DEF-43F5B538F431}.Debug|x64.Build.0 = Debug|x64
		{540D4060-FD59-4B44-9DEF-43F5B538F431}.Debug|x86.ActiveCfg = Debug|Win32
		{540D4060-FD59-4B44-9DEF-43F5B538F431}.Debug|x86.Build.0 = Debug|Win32
		{540D4060-FD59-4B44-9DEF-43F5B538F431}.Release|x64.ActiveCfg = Release|x64
		{540D4060-FD59-4B44-9DEF-43F5B538F431}.Release|x64.Build.0 = Release|x64
		{540D4060-FD59-4B44-9DEF-43F5B538F431}.Release|x86.ActiveCfg = Release|Win32
		{540D4060-FD59-4B44-9DEF-43F5B538F431}.Release|x86.Build.0 = Release|Win32
	EndGlobalSection
	GlobalSection(SolutionProperties) = preSolution
		HideSolutionNode = FALSE
	EndGlobalSection
	GlobalSection(ExtensibilityGlobals) = postSolution
		SolutionGuid = {AF385436-EE14-43F4-A0FD-9B3B7B3AC4C3}
	EndGlobalSection
EndGlobal
